
Microsoft Visual Studio Solution File, Format Version 12.00
# Visual Studio Version 17
VisualStudioVersion = 17.8.34511.84
MinimumVisualStudioVersion = 10.0.40219.1
Project("{9A19103F-16F7-4668-BE54-9A1E7A4F7556}") = "ApiMessage", "ApiMessage\ApiMessage.csproj", "{7732ACC1-AB35-4DE2-A154-BC4E87A90ACF}"
EndProject
Project("{9A19103F-16F7-4668-BE54-9A1E7A4F7556}") = "ApiGateway", "ApiGateway\ApiGateway.csproj", "{19E2571E-6B7C-45C2-A310-16EE6E1979BA}"
EndProject
Project("{9A19103F-16F7-4668-BE54-9A1E7A4F7556}") = "ApiAuthorization", "ApiAuthorization\ApiAuthorization.csproj", "{6718671F-E938-499F-ABA9-7233C7CF6D8F}"
EndProject
Project("{9A19103F-16F7-4668-BE54-9A1E7A4F7556}") = "AuthorizationTests", "AuthorizationTests\AuthorizationTests.csproj", "{6C1FB146-77D2-4AFF-9B41-DCEACFB810C6}"
EndProject
Project("{FAE04EC0-301F-11D3-BF4B-00C04F79EFBC}") = "MessageTests", "MessageTests\MessageTests.csproj", "{C34FF13F-AB66-49C4-AD15-62458AC15176}"
EndProject
Global
	GlobalSection(SolutionConfigurationPlatforms) = preSolution
		Debug|Any CPU = Debug|Any CPU
		Release|Any CPU = Release|Any CPU
	EndGlobalSection
	GlobalSection(ProjectConfigurationPlatforms) = postSolution
		{7732ACC1-AB35-4DE2-A154-BC4E87A90ACF}.Debug|Any CPU.ActiveCfg = Debug|Any CPU
		{7732ACC1-AB35-4DE2-A154-BC4E87A90ACF}.Debug|Any CPU.Build.0 = Debug|Any CPU
		{7732ACC1-AB35-4DE2-A154-BC4E87A90ACF}.Release|Any CPU.ActiveCfg = Release|Any CPU
		{7732ACC1-AB35-4DE2-A154-BC4E87A90ACF}.Release|Any CPU.Build.0 = Release|Any CPU
		{19E2571E-6B7C-45C2-A310-16EE6E1979BA}.Debug|Any CPU.ActiveCfg = Debug|Any CPU
		{19E2571E-6B7C-45C2-A310-16EE6E1979BA}.Debug|Any CPU.Build.0 = Debug|Any CPU
		{19E2571E-6B7C-45C2-A310-16EE6E1979BA}.Release|Any CPU.ActiveCfg = Release|Any CPU
		{19E2571E-6B7C-45C2-A310-16EE6E1979BA}.Release|Any CPU.Build.0 = Release|Any CPU
		{6718671F-E938-499F-ABA9-7233C7CF6D8F}.Debug|Any CPU.ActiveCfg = Debug|Any CPU
		{6718671F-E938-499F-ABA9-7233C7CF6D8F}.Debug|Any CPU.Build.0 = Debug|Any CPU
		{6718671F-E938-499F-ABA9-7233C7CF6D8F}.Release|Any CPU.ActiveCfg = Release|Any CPU
		{6718671F-E938-499F-ABA9-7233C7CF6D8F}.Release|Any CPU.Build.0 = Release|Any CPU
		{6C1FB146-77D2-4AFF-9B41-DCEACFB810C6}.Debug|Any CPU.ActiveCfg = Debug|Any CPU
		{6C1FB146-77D2-4AFF-9B41-DCEACFB810C6}.Debug|Any CPU.Build.0 = Debug|Any CPU
		{6C1FB146-77D2-4AFF-9B41-DCEACFB810C6}.Release|Any CPU.ActiveCfg = Release|Any CPU
		{6C1FB146-77D2-4AFF-9B41-DCEACFB810C6}.Release|Any CPU.Build.0 = Release|Any CPU
		{C34FF13F-AB66-49C4-AD15-62458AC15176}.Debug|Any CPU.ActiveCfg = Debug|Any CPU
		{C34FF13F-AB66-49C4-AD15-62458AC15176}.Debug|Any CPU.Build.0 = Debug|Any CPU
		{C34FF13F-AB66-49C4-AD15-62458AC15176}.Release|Any CPU.ActiveCfg = Release|Any CPU
		{C34FF13F-AB66-49C4-AD15-62458AC15176}.Release|Any CPU.Build.0 = Release|Any CPU
	EndGlobalSection
	GlobalSection(SolutionProperties) = preSolution
		HideSolutionNode = FALSE
	EndGlobalSection
	GlobalSection(ExtensibilityGlobals) = postSolution
		SolutionGuid = {963C6A7C-0DCA-47FD-9EA5-34F86F61FA31}
	EndGlobalSection
EndGlobal
